# This is an Anaconda project lock file.
# The lock file locks down exact versions of all your dependencies.
#
# In most cases, this file is automatically maintained by the `anaconda-project` command or GUI tools.
# It's best to keep this file in revision control (such as git or svn).
# The file is in YAML format, please see http://www.yaml.org/start.html for more.
#

#
# Set to false to ignore locked versions.
#
locking_enabled: true

#
# A key goes in here for each env spec.
#
env_specs:
  _python:
    locked: true
    env_spec_hash: 961effb73209ecacd0ff209fa67edd62c29132b6
    platforms:
    - linux-64
    - osx-64
    - win-64
    packages:
      all:
      - pip=20.2.4=py_0
      - python_abi=3.8=1_cp38
      - wheel=0.35.1=pyh9f0ad1d_0
      linux-64:
      - _libgcc_mutex=0.1=conda_forge
      - _openmp_mutex=4.5=1_gnu
      - ca-certificates=2020.11.8=ha878542_0
      - certifi=2020.11.8=py38h578d9bd_0
      - ld_impl_linux-64=2.35.1=hed1e6ac_0
      - libffi=3.2.1=he1b5a44_1007
      - libgcc-ng=9.3.0=h5dbcf3e_17
      - libgomp=9.3.0=h5dbcf3e_17
      - libstdcxx-ng=9.3.0=h2ae2ef3_17
      - ncurses=6.2=h58526e2_4
      - openssl=1.1.1h=h516909a_0
      - python=3.8.6=h852b56e_0_cpython
      - readline=8.0=he28a2e2_2
      - setuptools=49.6.0=py38h924ce5b_2
      - sqlite=3.33.0=h4cf870e_1
      - tk=8.6.10=hed695b0_1
      - xz=5.2.5=h516909a_1
      - zlib=1.2.11=h516909a_1010
      osx-64:
      - ca-certificates=2020.11.8=h033912b_0
      - certifi=2020.11.8=py38h50d1736_0
      - libcxx=11.0.0=h439d374_0
      - libffi=3.2.1=hb1e8313_1007
      - ncurses=6.2=h2e338ed_4
      - openssl=1.1.1h=haf1e3a3_0
      - python=3.8.6=hcfdab8c_0_cpython
      - readline=8.0=h0678c8f_2
      - setuptools=49.6.0=py38h5347e94_2
      - sqlite=3.33.0=h960bd1c_1
      - tk=8.6.10=hb0a8c7a_1
      - xz=5.2.5=haf1e3a3_1
      - zlib=1.2.11=h7795811_1010
      win-64:
      - ca-certificates=2020.11.8=h5b45459_0
      - certifi=2020.11.8=py38haa244fe_0
      - openssl=1.1.1h=he774522_0
      - python=3.8.6=h60c2a47_0_cpython
      - setuptools=49.6.0=py38h9bdc248_2
      - sqlite=3.33.0=he774522_1
      - vc=14.1=h869be7e_1
      - vs2015_runtime=14.16.27012=h30e32a0_2
      - wincertstore=0.2=py38h32f6830_1005
  application:
    locked: true
    env_spec_hash: 1aa5ce2e3856409ac76d16d64641a995b83b78a6
    platforms:
    - linux-64
    - osx-64
    - win-64
    packages:
      all:
      - asgiref=3.2.10=py_0
      - bokeh=2.1.1=py38_0
      - django=3.1.3=pyhd8ed1ab_0
      - jinja2=2.11.2=pyh9f0ad1d_0
      - olefile=0.46=pyh9f0ad1d_1
      - packaging=20.4=pyh9f0ad1d_0
      - pip=20.2.4=py_0
      - pyparsing=2.4.7=pyh9f0ad1d_0
      - python-dateutil=2.8.1=py_0
      - python_abi=3.8=1_cp38
      - pytz=2020.4=pyhd8ed1ab_0
      - six=1.15.0=pyh9f0ad1d_0
      - sqlparse=0.3.1=py_0
      - typing_extensions=3.7.4.3=py_0
      - wheel=0.35.1=pyh9f0ad1d_0
      unix:
      - libblas=3.9.0=2_openblas
      - libcblas=3.9.0=2_openblas
      - liblapack=3.9.0=2_openblas
      linux-64:
      - _libgcc_mutex=0.1=conda_forge
      - _openmp_mutex=4.5=1_gnu
      - ca-certificates=2020.11.8=ha878542_0
      - certifi=2020.11.8=py38h578d9bd_0
      - freetype=2.10.4=h7ca028e_0
      - jpeg=9d=h36c2ea0_0
      - krb5=1.17.1=hfafb76e_3
      - lcms2=2.11=hcbb858e_1
      - ld_impl_linux-64=2.35.1=hed1e6ac_0
      - libedit=3.1.20191231=he28a2e2_2
      - libffi=3.2.1=he1b5a44_1007
      - libgcc-ng=9.3.0=h5dbcf3e_17
      - libgfortran-ng=9.3.0=he4bcb1c_17
      - libgfortran5=9.3.0=he4bcb1c_17
      - libgomp=9.3.0=h5dbcf3e_17
      - libopenblas=0.3.12=pthreads_h4812303_1
      - libpng=1.6.37=h21135ba_2
      - libpq=12.3=h5513abc_2
      - libstdcxx-ng=9.3.0=h2ae2ef3_17
      - libtiff=4.1.0=h4f3a223_6
      - libwebp-base=1.1.0=h36c2ea0_3
      - lz4-c=1.9.2=he1b5a44_3
      - markupsafe=1.1.1=py38h8df0ef7_2
      - ncurses=6.2=h58526e2_4
      - numpy=1.19.4=py38hf0fd68c_1
      - openssl=1.1.1h=h516909a_0
      - pandas=1.0.5=py38hcb8c335_0
      - pillow=8.0.1=py38h70fbd49_0
      - psycopg2=2.8.6=py38h766eaa4_1
      - python=3.8.6=h852b56e_0_cpython
      - pyyaml=5.3.1=py38h8df0ef7_1
      - readline=8.0=he28a2e2_2
      - setuptools=49.6.0=py38h924ce5b_2
      - sqlite=3.33.0=h4cf870e_1
      - tk=8.6.10=hed695b0_1
      - tornado=6.1=py38h25fe258_0
      - xz=5.2.5=h516909a_1
      - yaml=0.2.5=h516909a_0
      - zlib=1.2.11=h516909a_1010
      - zstd=1.4.5=h6597ccf_2
      osx-64:
      - ca-certificates=2020.11.8=h033912b_0
      - certifi=2020.11.8=py38h50d1736_0
      - freetype=2.10.4=h3f75d11_0
      - jpeg=9d=hbcb3906_0
      - krb5=1.17.1=h75d18d8_3
      - lcms2=2.11=h11f7e16_1
      - libcxx=11.0.0=h439d374_0
      - libedit=3.1.20191231=h0678c8f_2
      - libffi=3.2.1=hb1e8313_1007
      - libgfortran5=9.3.0=h7cc5361_13
      - libgfortran=5.0.0=h7cc5361_13
      - libopenblas=0.3.12=openmp_h54245bb_1
      - libpng=1.6.37=h7cec526_2
      - libpq=12.3=haa216e0_2
      - libtiff=4.1.0=hca7d577_6
      - libwebp-base=1.1.0=hbcb3906_3
      - llvm-openmp=11.0.0=h73239a0_1
      - lz4-c=1.9.2=hb1e8313_3
      - markupsafe=1.1.1=py38h94c058a_2
      - ncurses=6.2=h2e338ed_4
      - numpy=1.19.4=py38hcf469a5_1
      - openssl=1.1.1h=haf1e3a3_0
      - pandas=1.0.5=py38h5fc983b_0
      - pillow=8.0.1=py38h565d989_0
      - psycopg2=2.8.6=py38h52adbb4_1
      - python=3.8.6=hcfdab8c_0_cpython
      - pyyaml=5.3.1=py38h94c058a_1
      - readline=8.0=h0678c8f_2
      - setuptools=49.6.0=py38h5347e94_2
      - sqlite=3.33.0=h960bd1c_1
      - tk=8.6.10=hb0a8c7a_1
      - tornado=6.1=py38h7e3306e_0
      - xz=5.2.5=haf1e3a3_1
      - yaml=0.2.5=haf1e3a3_0
      - zlib=1.2.11=h7795811_1010
      - zstd=1.4.5=h289c70a_2
      win-64:
      - ca-certificates=2020.11.8=h5b45459_0
      - certifi=2020.11.8=py38haa244fe_0
      - freetype=2.10.4=h546665d_0
      - intel-openmp=2020.3=h57928b3_311
      - jpeg=9d=h8ffe710_0
      - krb5=1.17.1=hc04afaa_3
      - libblas=3.8.0=20_mkl
      - libcblas=3.8.0=20_mkl
      - liblapack=3.8.0=20_mkl
      - libpng=1.6.37=h1d00b33_2
      - libpq=12.3=hd9aa61d_2
      - libtiff=4.1.0=hc10be44_6
      - lz4-c=1.9.2=h62dcd97_2
      - markupsafe=1.1.1=py38hab1e662_2
      - mkl=2020.2=256
      - numpy=1.19.4=py38h0cc643e_1
      - openssl=1.1.1h=he774522_0
      - pandas=1.0.5=py38he6e81aa_0
      - pillow=8.0.1=py38hd8d9125_0
      - psycopg2=2.8.6=py38hba49e27_1
      - python=3.8.6=h60c2a47_0_cpython
      - pyyaml=5.3.1=py38hab1e662_1
      - setuptools=49.6.0=py38h9bdc248_2
      - sqlite=3.33.0=he774522_1
      - tk=8.6.10=he774522_1
      - tornado=6.1=py38h294d835_0
      - vc=14.1=h869be7e_1
      - vs2015_runtime=14.16.27012=h30e32a0_2
      - wincertstore=0.2=py38h32f6830_1005
      - xz=5.2.5=h62dcd97_1
      - yaml=0.2.5=he774522_0
      - zlib=1.2.11=h62dcd97_1010
      - zstd=1.4.5=h1f3a1b7_2
  application-debug:
    locked: true
    env_spec_hash: 85d6afd210f99a25952c3bacf79df62c444092ee
    platforms:
    - linux-64
    - osx-64
    - win-64
    packages:
      all:
      - asgiref=3.2.10=py_0
      - bokeh=2.1.1=py38h32f6830_0
      - django-debug-toolbar=2.2=py_0
      - django=3.1.3=pyhd8ed1ab_0
      - jinja2=2.11.2=pyh9f0ad1d_0
      - olefile=0.46=pyh9f0ad1d_1
      - packaging=20.4=pyh9f0ad1d_0
      - pip=20.2.4=py_0
      - pyparsing=2.4.7=pyh9f0ad1d_0
      - python-dateutil=2.8.1=py_0
      - python_abi=3.8=1_cp38
      - pytz=2020.4=pyhd8ed1ab_0
      - six=1.15.0=pyh9f0ad1d_0
      - sqlparse=0.3.1=py_0
      - typing_extensions=3.7.4.3=py_0
      - wheel=0.35.1=pyh9f0ad1d_0
      unix:
      - libblas=3.9.0=2_openblas
      - libcblas=3.9.0=2_openblas
      - liblapack=3.9.0=2_openblas
      linux-64:
      - _libgcc_mutex=0.1=conda_forge
      - _openmp_mutex=4.5=1_gnu
      - ca-certificates=2020.11.8=ha878542_0
      - certifi=2020.11.8=py38h578d9bd_0
      - freetype=2.10.4=h7ca028e_0
      - jpeg=9d=h36c2ea0_0
      - krb5=1.17.1=hfafb76e_3
      - lcms2=2.11=hcbb858e_1
      - ld_impl_linux-64=2.35.1=hed1e6ac_0
      - libedit=3.1.20191231=he28a2e2_2
      - libffi=3.2.1=he1b5a44_1007
      - libgcc-ng=9.3.0=h5dbcf3e_17
      - libgfortran-ng=9.3.0=he4bcb1c_17
      - libgfortran5=9.3.0=he4bcb1c_17
      - libgomp=9.3.0=h5dbcf3e_17
      - libopenblas=0.3.12=pthreads_h4812303_1
      - libpng=1.6.37=h21135ba_2
      - libpq=12.3=h5513abc_2
      - libstdcxx-ng=9.3.0=h2ae2ef3_17
      - libtiff=4.1.0=h4f3a223_6
      - libwebp-base=1.1.0=h36c2ea0_3
      - lz4-c=1.9.2=he1b5a44_3
      - markupsafe=1.1.1=py38h8df0ef7_2
      - ncurses=6.2=h58526e2_4
      - numpy=1.19.4=py38hf0fd68c_1
      - openssl=1.1.1h=h516909a_0
      - pandas=1.0.5=py38hcb8c335_0
      - pillow=8.0.1=py38h70fbd49_0
      - psycopg2=2.8.6=py38h766eaa4_1
      - python=3.8.6=h852b56e_0_cpython
      - pyyaml=5.3.1=py38h8df0ef7_1
      - readline=8.0=he28a2e2_2
      - setuptools=49.6.0=py38h924ce5b_2
      - sqlite=3.33.0=h4cf870e_1
      - tk=8.6.10=hed695b0_1
      - tornado=6.1=py38h25fe258_0
      - xz=5.2.5=h516909a_1
      - yaml=0.2.5=h516909a_0
      - zlib=1.2.11=h516909a_1010
      - zstd=1.4.5=h6597ccf_2
      osx-64:
      - ca-certificates=2020.11.8=h033912b_0
      - certifi=2020.11.8=py38h50d1736_0
      - freetype=2.10.4=h3f75d11_0
      - jpeg=9d=hbcb3906_0
      - krb5=1.17.1=h75d18d8_3
      - lcms2=2.11=h11f7e16_1
      - libcxx=11.0.0=h439d374_0
      - libedit=3.1.20191231=h0678c8f_2
      - libffi=3.2.1=hb1e8313_1007
      - libgfortran5=9.3.0=h7cc5361_13
      - libgfortran=5.0.0=h7cc5361_13
      - libopenblas=0.3.12=openmp_h54245bb_1
      - libpng=1.6.37=h7cec526_2
      - libpq=12.3=haa216e0_2
      - libtiff=4.1.0=hca7d577_6
      - libwebp-base=1.1.0=hbcb3906_3
      - llvm-openmp=11.0.0=h73239a0_1
      - lz4-c=1.9.2=hb1e8313_3
      - markupsafe=1.1.1=py38h94c058a_2
      - ncurses=6.2=h2e338ed_4
      - numpy=1.19.4=py38hcf469a5_1
      - openssl=1.1.1h=haf1e3a3_0
      - pandas=1.0.5=py38h5fc983b_0
      - pillow=8.0.1=py38h565d989_0
      - psycopg2=2.8.6=py38h52adbb4_1
      - python=3.8.6=hcfdab8c_0_cpython
      - pyyaml=5.3.1=py38h94c058a_1
      - readline=8.0=h0678c8f_2
      - setuptools=49.6.0=py38h5347e94_2
      - sqlite=3.33.0=h960bd1c_1
      - tk=8.6.10=hb0a8c7a_1
      - tornado=6.1=py38h7e3306e_0
      - xz=5.2.5=haf1e3a3_1
      - yaml=0.2.5=haf1e3a3_0
      - zlib=1.2.11=h7795811_1010
      - zstd=1.4.5=h289c70a_2
      win-64:
      - ca-certificates=2020.11.8=h5b45459_0
      - certifi=2020.11.8=py38haa244fe_0
      - freetype=2.10.4=h546665d_0
      - intel-openmp=2020.3=h57928b3_311
      - jpeg=9d=h8ffe710_0
      - krb5=1.17.1=hc04afaa_3
      - libblas=3.8.0=20_mkl
      - libcblas=3.8.0=20_mkl
      - liblapack=3.8.0=20_mkl
      - libpng=1.6.37=h1d00b33_2
      - libpq=12.3=hd9aa61d_2
      - libtiff=4.1.0=hc10be44_6
      - lz4-c=1.9.2=h62dcd97_2
      - markupsafe=1.1.1=py38hab1e662_2
      - mkl=2020.2=256
      - numpy=1.19.4=py38h0cc643e_1
      - openssl=1.1.1h=he774522_0
      - pandas=1.0.5=py38he6e81aa_0
      - pillow=8.0.1=py38hd8d9125_0
      - psycopg2=2.8.6=py38hba49e27_1
      - python=3.8.6=h60c2a47_0_cpython
      - pyyaml=5.3.1=py38hab1e662_1
      - setuptools=49.6.0=py38h9bdc248_2
      - sqlite=3.33.0=he774522_1
      - tk=8.6.10=he774522_1
      - tornado=6.1=py38h294d835_0
      - vc=14.1=h869be7e_1
      - vs2015_runtime=14.16.27012=h30e32a0_2
      - wincertstore=0.2=py38h32f6830_1005
      - xz=5.2.5=h62dcd97_1
      - yaml=0.2.5=he774522_0
      - zlib=1.2.11=h62dcd97_1010
      - zstd=1.4.5=h1f3a1b7_2
  lint:
    locked: true
    env_spec_hash: 3e3dfb6d4ded32fedf31ad6ed19d98620f0408c0
    platforms:
    - linux-64
    - osx-64
    - win-64
    packages:
      all:
      - asgiref=3.2.10=py_0
      - astroid=2.4.2=py38h32f6830_1
      - autopep8=1.5.4=pyh9f0ad1d_0
      - bokeh=2.1.1=py38_0
      - django=3.1.3=pyhd8ed1ab_0
      - isort=5.6.4=py_0
      - jinja2=2.11.2=pyh9f0ad1d_0
      - mccabe=0.6.1=py_1
      - olefile=0.46=pyh9f0ad1d_1
      - packaging=20.4=pyh9f0ad1d_0
      - pep8=1.7.1=py_0
      - pip=20.2.4=py_0
      - pycodestyle=2.6.0=pyh9f0ad1d_0
      - pylint=2.6.0=py38h32f6830_1
      - pyparsing=2.4.7=pyh9f0ad1d_0
      - python-dateutil=2.8.1=py_0
      - python_abi=3.8=1_cp38
      - pytz=2020.4=pyhd8ed1ab_0
      - six=1.15.0=pyh9f0ad1d_0
      - sqlparse=0.3.1=py_0
      - toml=0.10.2=pyhd8ed1ab_0
      - typing_extensions=3.7.4.3=py_0
      - wheel=0.35.1=pyh9f0ad1d_0
      unix:
      - libblas=3.9.0=2_openblas
      - libcblas=3.9.0=2_openblas
      - liblapack=3.9.0=2_openblas
      linux-64:
      - _libgcc_mutex=0.1=conda_forge
      - _openmp_mutex=4.5=1_gnu
      - ca-certificates=2020.11.8=ha878542_0
      - certifi=2020.11.8=py38h578d9bd_0
      - freetype=2.10.4=h7ca028e_0
      - jpeg=9d=h36c2ea0_0
      - krb5=1.17.1=hfafb76e_3
      - lazy-object-proxy=1.4.3=py38h1e0a361_2
      - lcms2=2.11=hcbb858e_1
      - ld_impl_linux-64=2.35.1=hed1e6ac_0
      - libedit=3.1.20191231=he28a2e2_2
      - libffi=3.2.1=he1b5a44_1007
      - libgcc-ng=9.3.0=h5dbcf3e_17
      - libgfortran-ng=9.3.0=he4bcb1c_17
      - libgfortran5=9.3.0=he4bcb1c_17
      - libgomp=9.3.0=h5dbcf3e_17
      - libopenblas=0.3.12=pthreads_h4812303_1
      - libpng=1.6.37=h21135ba_2
      - libpq=12.3=h5513abc_2
      - libstdcxx-ng=9.3.0=h2ae2ef3_17
      - libtiff=4.1.0=h4f3a223_6
      - libwebp-base=1.1.0=h36c2ea0_3
      - lz4-c=1.9.2=he1b5a44_3
      - markupsafe=1.1.1=py38h8df0ef7_2
      - ncurses=6.2=h58526e2_4
      - numpy=1.19.4=py38hf0fd68c_1
      - openssl=1.1.1h=h516909a_0
      - pandas=1.0.5=py38hcb8c335_0
      - pillow=8.0.1=py38h70fbd49_0
      - psycopg2=2.8.6=py38h766eaa4_1
      - python=3.8.6=h852b56e_0_cpython
      - pyyaml=5.3.1=py38h8df0ef7_1
      - readline=8.0=he28a2e2_2
      - setuptools=49.6.0=py38h924ce5b_2
      - sqlite=3.33.0=h4cf870e_1
      - tk=8.6.10=hed695b0_1
      - tornado=6.1=py38h25fe258_0
      - wrapt=1.11.2=py38h1e0a361_1
      - xz=5.2.5=h516909a_1
      - yaml=0.2.5=h516909a_0
      - zlib=1.2.11=h516909a_1010
      - zstd=1.4.5=h6597ccf_2
      osx-64:
      - ca-certificates=2020.11.8=h033912b_0
      - certifi=2020.11.8=py38h50d1736_0
      - freetype=2.10.4=h3f75d11_0
      - jpeg=9d=hbcb3906_0
      - krb5=1.17.1=h75d18d8_3
      - lazy-object-proxy=1.4.3=py38h4d0b108_2
      - lcms2=2.11=h11f7e16_1
      - libcxx=11.0.0=h439d374_0
      - libedit=3.1.20191231=h0678c8f_2
      - libffi=3.2.1=hb1e8313_1007
      - libgfortran5=9.3.0=h7cc5361_13
      - libgfortran=5.0.0=h7cc5361_13
      - libopenblas=0.3.12=openmp_h54245bb_1
      - libpng=1.6.37=h7cec526_2
      - libpq=12.3=haa216e0_2
      - libtiff=4.1.0=hca7d577_6
      - libwebp-base=1.1.0=hbcb3906_3
      - llvm-openmp=11.0.0=h73239a0_1
      - lz4-c=1.9.2=hb1e8313_3
      - markupsafe=1.1.1=py38h94c058a_2
      - ncurses=6.2=h2e338ed_4
      - numpy=1.19.4=py38hcf469a5_1
      - openssl=1.1.1h=haf1e3a3_0
      - pandas=1.0.5=py38h5fc983b_0
      - pillow=8.0.1=py38h565d989_0
      - psycopg2=2.8.6=py38h52adbb4_1
      - python=3.8.6=hcfdab8c_0_cpython
      - pyyaml=5.3.1=py38h94c058a_1
      - readline=8.0=h0678c8f_2
      - setuptools=49.6.0=py38h5347e94_2
      - sqlite=3.33.0=h960bd1c_1
      - tk=8.6.10=hb0a8c7a_1
      - tornado=6.1=py38h7e3306e_0
      - wrapt=1.11.2=py38h4d0b108_1
      - xz=5.2.5=haf1e3a3_1
      - yaml=0.2.5=haf1e3a3_0
      - zlib=1.2.11=h7795811_1010
      - zstd=1.4.5=h289c70a_2
      win-64:
      - ca-certificates=2020.11.8=h5b45459_0
      - certifi=2020.11.8=py38haa244fe_0
      - colorama=0.4.4=pyh9f0ad1d_0
      - freetype=2.10.4=h546665d_0
      - intel-openmp=2020.3=h57928b3_311
      - jpeg=9d=h8ffe710_0
      - krb5=1.17.1=hc04afaa_3
      - lazy-object-proxy=1.4.3=py38h1e8a9f7_2
      - libblas=3.8.0=20_mkl
      - libcblas=3.8.0=20_mkl
      - liblapack=3.8.0=20_mkl
      - libpng=1.6.37=h1d00b33_2
      - libpq=12.3=hd9aa61d_2
      - libtiff=4.1.0=hc10be44_6
      - lz4-c=1.9.2=h62dcd97_2
      - markupsafe=1.1.1=py38hab1e662_2
      - mkl=2020.2=256
      - numpy=1.19.4=py38h0cc643e_1
      - openssl=1.1.1h=he774522_0
      - pandas=1.0.5=py38he6e81aa_0
      - pillow=8.0.1=py38hd8d9125_0
      - psycopg2=2.8.6=py38hba49e27_1
      - python=3.8.6=h60c2a47_0_cpython
      - pyyaml=5.3.1=py38hab1e662_1
      - setuptools=49.6.0=py38h9bdc248_2
      - sqlite=3.33.0=he774522_1
      - tk=8.6.10=he774522_1
      - tornado=6.1=py38h294d835_0
      - vc=14.1=h869be7e_1
      - vs2015_runtime=14.16.27012=h30e32a0_2
      - wincertstore=0.2=py38h32f6830_1005
      - wrapt=1.11.2=py38h1e8a9f7_1
      - xz=5.2.5=h62dcd97_1
      - yaml=0.2.5=he774522_0
      - zlib=1.2.11=h62dcd97_1010
      - zstd=1.4.5=h1f3a1b7_2
  test:
    locked: true
    env_spec_hash: 30d83a6bcf3b69692381b0e603ece1bd6429f27c
    platforms:
    - linux-64
    - osx-64
    - win-64
    packages:
      all:
      - asgiref=3.2.10=py_0
      - bokeh=2.1.1=py38_0
      - django=3.1.3=pyhd8ed1ab_0
      - jinja2=2.11.2=pyh9f0ad1d_0
      - olefile=0.46=pyh9f0ad1d_1
      - packaging=20.4=pyh9f0ad1d_0
      - pip=20.2.4=py_0
      - pyparsing=2.4.7=pyh9f0ad1d_0
      - python-dateutil=2.8.1=py_0
      - python_abi=3.8=1_cp38
      - pytz=2020.4=pyhd8ed1ab_0
      - six=1.15.0=pyh9f0ad1d_0
      - sqlparse=0.3.1=py_0
      - typing_extensions=3.7.4.3=py_0
      - wheel=0.35.1=pyh9f0ad1d_0
      unix:
      - libblas=3.9.0=2_openblas
      - libcblas=3.9.0=2_openblas
      - liblapack=3.9.0=2_openblas
      linux-64:
      - _libgcc_mutex=0.1=conda_forge
      - _openmp_mutex=4.5=1_gnu
      - ca-certificates=2020.11.8=ha878542_0
      - certifi=2020.11.8=py38h578d9bd_0
      - coverage=5.3=py38h1e0a361_1
      - freetype=2.10.4=h7ca028e_0
      - jpeg=9d=h36c2ea0_0
      - krb5=1.17.1=hfafb76e_3
      - lcms2=2.11=hcbb858e_1
      - ld_impl_linux-64=2.35.1=hed1e6ac_0
      - libedit=3.1.20191231=he28a2e2_2
      - libffi=3.2.1=he1b5a44_1007
      - libgcc-ng=9.3.0=h5dbcf3e_17
      - libgfortran-ng=9.3.0=he4bcb1c_17
      - libgfortran5=9.3.0=he4bcb1c_17
      - libgomp=9.3.0=h5dbcf3e_17
      - libopenblas=0.3.12=pthreads_h4812303_1
      - libpng=1.6.37=h21135ba_2
      - libpq=12.3=h5513abc_2
      - libstdcxx-ng=9.3.0=h2ae2ef3_17
      - libtiff=4.1.0=h4f3a223_6
      - libwebp-base=1.1.0=h36c2ea0_3
      - lz4-c=1.9.2=he1b5a44_3
      - markupsafe=1.1.1=py38h8df0ef7_2
      - ncurses=6.2=h58526e2_4
      - numpy=1.19.4=py38hf0fd68c_1
      - openssl=1.1.1h=h516909a_0
      - pandas=1.0.5=py38hcb8c335_0
      - pillow=8.0.1=py38h70fbd49_0
      - psycopg2=2.8.6=py38h766eaa4_1
      - python=3.8.6=h852b56e_0_cpython
      - pyyaml=5.3.1=py38h8df0ef7_1
      - readline=8.0=he28a2e2_2
      - setuptools=49.6.0=py38h924ce5b_2
      - sqlite=3.33.0=h4cf870e_1
      - tk=8.6.10=hed695b0_1
      - tornado=6.1=py38h25fe258_0
      - xz=5.2.5=h516909a_1
      - yaml=0.2.5=h516909a_0
      - zlib=1.2.11=h516909a_1010
      - zstd=1.4.5=h6597ccf_2
      osx-64:
      - ca-certificates=2020.11.8=h033912b_0
      - certifi=2020.11.8=py38h50d1736_0
      - coverage=5.3=py38h4d0b108_1
      - freetype=2.10.4=h3f75d11_0
      - jpeg=9d=hbcb3906_0
      - krb5=1.17.1=h75d18d8_3
      - lcms2=2.11=h11f7e16_1
      - libcxx=11.0.0=h439d374_0
      - libedit=3.1.20191231=h0678c8f_2
      - libffi=3.2.1=hb1e8313_1007
      - libgfortran5=9.3.0=h7cc5361_13
      - libgfortran=5.0.0=h7cc5361_13
      - libopenblas=0.3.12=openmp_h54245bb_1
      - libpng=1.6.37=h7cec526_2
      - libpq=12.3=haa216e0_2
      - libtiff=4.1.0=hca7d577_6
      - libwebp-base=1.1.0=hbcb3906_3
      - llvm-openmp=11.0.0=h73239a0_1
      - lz4-c=1.9.2=hb1e8313_3
      - markupsafe=1.1.1=py38h94c058a_2
      - ncurses=6.2=h2e338ed_4
      - numpy=1.19.4=py38hcf469a5_1
      - openssl=1.1.1h=haf1e3a3_0
      - pandas=1.0.5=py38h5fc983b_0
      - pillow=8.0.1=py38h565d989_0
      - psycopg2=2.8.6=py38h52adbb4_1
      - python=3.8.6=hcfdab8c_0_cpython
      - pyyaml=5.3.1=py38h94c058a_1
      - readline=8.0=h0678c8f_2
      - setuptools=49.6.0=py38h5347e94_2
      - sqlite=3.33.0=h960bd1c_1
      - tk=8.6.10=hb0a8c7a_1
      - tornado=6.1=py38h7e3306e_0
      - xz=5.2.5=haf1e3a3_1
      - yaml=0.2.5=haf1e3a3_0
      - zlib=1.2.11=h7795811_1010
      - zstd=1.4.5=h289c70a_2
      win-64:
      - ca-certificates=2020.11.8=h5b45459_0
      - certifi=2020.11.8=py38haa244fe_0
      - coverage=5.3=py38h1e8a9f7_1
      - freetype=2.10.4=h546665d_0
      - intel-openmp=2020.3=h57928b3_311
      - jpeg=9d=h8ffe710_0
      - krb5=1.17.1=hc04afaa_3
      - libblas=3.8.0=20_mkl
      - libcblas=3.8.0=20_mkl
      - liblapack=3.8.0=20_mkl
      - libpng=1.6.37=h1d00b33_2
      - libpq=12.3=hd9aa61d_2
      - libtiff=4.1.0=hc10be44_6
      - lz4-c=1.9.2=h62dcd97_2
      - markupsafe=1.1.1=py38hab1e662_2
      - mkl=2020.2=256
      - numpy=1.19.4=py38h0cc643e_1
      - openssl=1.1.1h=he774522_0
      - pandas=1.0.5=py38he6e81aa_0
      - pillow=8.0.1=py38hd8d9125_0
      - psycopg2=2.8.6=py38hba49e27_1
      - python=3.8.6=h60c2a47_0_cpython
      - pyyaml=5.3.1=py38hab1e662_1
      - setuptools=49.6.0=py38h9bdc248_2
      - sqlite=3.33.0=he774522_1
      - tk=8.6.10=he774522_1
      - tornado=6.1=py38h294d835_0
      - vc=14.1=h869be7e_1
      - vs2015_runtime=14.16.27012=h30e32a0_2
      - wincertstore=0.2=py38h32f6830_1005
      - xz=5.2.5=h62dcd97_1
      - yaml=0.2.5=he774522_0
      - zlib=1.2.11=h62dcd97_1010
      - zstd=1.4.5=h1f3a1b7_2
  test-acceptance:
    locked: true
    env_spec_hash: 8a873593125be2fdc841b0577ed027dc858c991d
    platforms:
    - linux-64
    - osx-64
    - win-64
    packages:
      all:
      - idna=2.10=pyh9f0ad1d_0
      - pip=20.2.4=py_0
      - pycparser=2.20=pyh9f0ad1d_2
      - pyopenssl=19.1.0=py_1
      - python-chromedriver-binary=2.42.0=py_0
      - python_abi=3.8=1_cp38
      - robotframework-pythonlibcore=2.1.0=py_0
      - robotframework-seleniumlibrary=4.5.0=pyh9f0ad1d_0
      - robotframework=3.2.2=pyh9f0ad1d_0
      - six=1.15.0=pyh9f0ad1d_0
      - urllib3=1.26.2=pyhd8ed1ab_0
      - wheel=0.35.1=pyh9f0ad1d_0
      linux-64:
      - _libgcc_mutex=0.1=conda_forge
      - _openmp_mutex=4.5=1_gnu
      - brotlipy=0.7.0=py38h8df0ef7_1001
      - ca-certificates=2020.11.8=ha878542_0
      - certifi=2020.11.8=py38h578d9bd_0
      - cffi=1.14.3=py38h1bdcb99_1
      - cryptography=3.2.1=py38h7699a38_0
      - geckodriver=0.28.0=h58526e2_0
      - ld_impl_linux-64=2.35.1=hed1e6ac_0
      - libffi=3.2.1=he1b5a44_1007
      - libgcc-ng=9.3.0=h5dbcf3e_17
      - libgomp=9.3.0=h5dbcf3e_17
      - libstdcxx-ng=9.3.0=h2ae2ef3_17
      - ncurses=6.2=h58526e2_4
      - openssl=1.1.1h=h516909a_0
      - pysocks=1.7.1=py38h924ce5b_2
      - python=3.8.6=h852b56e_0_cpython
      - readline=8.0=he28a2e2_2
      - selenium=3.141.0=py38h1e0a361_1002
      - setuptools=49.6.0=py38h924ce5b_2
      - sqlite=3.33.0=h4cf870e_1
      - tk=8.6.10=hed695b0_1
      - xz=5.2.5=h516909a_1
      - zlib=1.2.11=h516909a_1010
      osx-64:
      - brotlipy=0.7.0=py38h94c058a_1001
      - ca-certificates=2020.11.8=h033912b_0
      - certifi=2020.11.8=py38h50d1736_0
      - cffi=1.14.3=py38h9edaa1b_1
      - cryptography=3.2.1=py38h5c1d3f9_0
      - geckodriver=0.28.0=h2e338ed_0
      - libcxx=11.0.0=h439d374_0
      - libffi=3.2.1=hb1e8313_1007
      - ncurses=6.2=h2e338ed_4
      - openssl=1.1.1h=haf1e3a3_0
      - pysocks=1.7.1=py38h5347e94_2
      - python=3.8.6=hcfdab8c_0_cpython
      - readline=8.0=h0678c8f_2
      - selenium=3.141.0=py38h4d0b108_1002
      - setuptools=49.6.0=py38h5347e94_2
      - sqlite=3.33.0=h960bd1c_1
      - tk=8.6.10=hb0a8c7a_1
      - xz=5.2.5=haf1e3a3_1
      - zlib=1.2.11=h7795811_1010
      win-64:
      - brotlipy=0.7.0=py38hab1e662_1001
      - ca-certificates=2020.11.8=h5b45459_0
      - certifi=2020.11.8=py38haa244fe_0
      - cffi=1.14.3=py38h0e640b1_1
      - cryptography=3.2.1=py38hd8c33c5_0
      - geckodriver=0.28.0=h39d44d4_0
      - openssl=1.1.1h=he774522_0
      - pysocks=1.7.1=py38h9bdc248_2
      - python=3.8.6=h60c2a47_0_cpython
      - selenium=3.141.0=py38h1e8a9f7_1002
      - setuptools=49.6.0=py38h9bdc248_2
      - sqlite=3.33.0=he774522_1
      - vc=14.1=h869be7e_1
      - vs2015_runtime=14.16.27012=h30e32a0_2
      - win_inet_pton=1.1.0=py38h32f6830_1
      - wincertstore=0.2=py38h32f6830_1005
  default:
    locked: true
    env_spec_hash: 24c5dd5a9c6647f5d56e346e970dc518d9478318
    platforms:
    - linux-64
    - osx-64
    - win-64
    packages:
      all:
      - anaconda-client=1.7.2=py_0
      - anaconda-project=0.8.3=py_0
      - asgiref=3.2.10=py_0
      - astroid=2.4.2=py38h32f6830_1
      - async_generator=1.10=py_0
      - attrs=20.3.0=pyhd3deb0d_0
      - autopep8=1.5.4=pyh9f0ad1d_0
      - backcall=0.2.0=pyh9f0ad1d_0
      - backports.functools_lru_cache=1.6.1=py_0
      - backports=1.0=py_2
      - bleach=3.2.1=pyh9f0ad1d_0
      - bokeh=2.1.1=py38h32f6830_0
      - clyent=1.2.2=py_1
      - decorator=4.4.2=py_0
      - defusedxml=0.6.0=py_0
      - django-debug-toolbar=2.2=py_0
      - django=3.1.3=pyhd8ed1ab_0
      - entrypoints=0.3=pyhd8ed1ab_1003
      - idna=2.10=pyh9f0ad1d_0
      - importlib-metadata=2.0.0=py_1
      - importlib_metadata=2.0.0=1
      - ipython_genutils=0.2.0=py_1
      - isort=5.6.4=py_0
      - jinja2=2.11.2=pyh9f0ad1d_0
      - jsonschema=3.2.0=py_2
      - jupyter_client=6.1.7=py_0
      - jupyterlab_pygments=0.1.2=pyh9f0ad1d_0
      - mccabe=0.6.1=py_1
      - nbclient=0.5.1=py_0
      - nbformat=5.0.8=py_0
      - nest-asyncio=1.4.3=pyhd8ed1ab_0
      - olefile=0.46=pyh9f0ad1d_1
      - packaging=20.4=pyh9f0ad1d_0
      - pandocfilters=1.4.2=py_1
      - parso=0.7.1=pyh9f0ad1d_0
      - pep8=1.7.1=py_0
      - pickleshare=0.7.5=py_1003
      - pip=20.2.4=py_0
      - prometheus_client=0.9.0=pyhd3deb0d_0
      - prompt-toolkit=3.0.8=pyha770c72_0
      - pycodestyle=2.6.0=pyh9f0ad1d_0
      - pycparser=2.20=pyh9f0ad1d_2
      - pygments=2.7.2=py_0
      - pylint=2.6.0=py38h32f6830_1
      - pyopenssl=19.1.0=py_1
      - pyparsing=2.4.7=pyh9f0ad1d_0
      - python-chromedriver-binary=80.0.3987.106.0=py38h32f6830_1
      - python-dateutil=2.8.1=py_0
      - python_abi=3.8=1_cp38
      - pytz=2020.4=pyhd8ed1ab_0
      - requests=2.25.0=pyhd3deb0d_0
      - robotframework-pythonlibcore=2.1.0=py_0
      - robotframework-seleniumlibrary=4.5.0=pyh9f0ad1d_0
      - robotframework=3.2.2=pyh9f0ad1d_0
      - send2trash=1.5.0=py_0
      - six=1.15.0=pyh9f0ad1d_0
      - sqlparse=0.3.1=py_0
      - testpath=0.4.4=py_0
      - toml=0.10.2=pyhd8ed1ab_0
      - traitlets=5.0.5=py_0
      - typing_extensions=3.7.4.3=py_0
      - urllib3=1.25.11=py_0
      - wcwidth=0.2.5=pyh9f0ad1d_2
      - webencodings=0.5.1=py_1
      - wheel=0.35.1=pyh9f0ad1d_0
      - zipp=3.4.0=py_0
      unix:
      - libblas=3.9.0=2_openblas
      - libcblas=3.9.0=2_openblas
      - liblapack=3.9.0=2_openblas
      - pexpect=4.8.0=pyh9f0ad1d_2
      - ptyprocess=0.6.0=py_1001
      linux-64:
      - _libgcc_mutex=0.1=conda_forge
      - _openmp_mutex=4.5=1_gnu
      - argon2-cffi=20.1.0=py38h25fe258_2
      - brotlipy=0.7.0=py38h8df0ef7_1001
      - ca-certificates=2020.11.8=ha878542_0
      - certifi=2020.11.8=py38h578d9bd_0
      - cffi=1.14.3=py38h1bdcb99_1
      - chardet=3.0.4=py38h924ce5b_1008
      - coverage=5.3=py38h1e0a361_1
      - cryptography=3.2.1=py38h7699a38_0
      - freetype=2.10.4=h7ca028e_0
      - geckodriver=0.28.0=h58526e2_0
      - ipykernel=5.3.4=py38h81c977d_1
      - ipython=7.19.0=py38h81c977d_0
      - jedi=0.17.2=py38h578d9bd_1
      - jpeg=9d=h36c2ea0_0
      - jupyter_core=4.6.3=py38h578d9bd_2
      - krb5=1.17.1=hfafb76e_3
      - lazy-object-proxy=1.4.3=py38h1e0a361_2
      - lcms2=2.11=hcbb858e_1
      - ld_impl_linux-64=2.35.1=hed1e6ac_0
      - libedit=3.1.20191231=he28a2e2_2
      - libffi=3.2.1=he1b5a44_1007
      - libgcc-ng=9.3.0=h5dbcf3e_17
      - libgfortran-ng=9.3.0=he4bcb1c_17
      - libgfortran5=9.3.0=he4bcb1c_17
      - libgomp=9.3.0=h5dbcf3e_17
      - libopenblas=0.3.12=pthreads_h4812303_1
      - libpng=1.6.37=h21135ba_2
      - libpq=12.3=h5513abc_2
      - libsodium=1.0.18=h36c2ea0_1
      - libstdcxx-ng=9.3.0=h2ae2ef3_17
      - libtiff=4.1.0=h4f3a223_6
      - libwebp-base=1.1.0=h36c2ea0_3
      - lz4-c=1.9.2=he1b5a44_3
      - markupsafe=1.1.1=py38h8df0ef7_2
      - mistune=0.8.4=py38h25fe258_1002
      - nbconvert=6.0.7=py38h578d9bd_3
      - ncurses=6.2=h58526e2_4
      - notebook=6.1.5=py38h578d9bd_0
      - numpy=1.19.4=py38hf0fd68c_1
      - openssl=1.1.1h=h516909a_0
      - pandas=1.0.5=py38hcb8c335_0
      - pandoc=2.11.1.1=h36c2ea0_0
      - pillow=8.0.1=py38h70fbd49_0
      - psycopg2=2.8.6=py38h766eaa4_1
      - pyrsistent=0.17.3=py38h25fe258_1
      - pysocks=1.7.1=py38h924ce5b_2
      - python=3.8.6=h852b56e_0_cpython
      - pyyaml=5.3.1=py38h8df0ef7_1
      - pyzmq=20.0.0=py38h1d1b12f_1
      - readline=8.0=he28a2e2_2
      - ruamel_yaml=0.15.80=py38h8df0ef7_1003
      - selenium=3.141.0=py38h1e0a361_1002
      - setuptools=49.6.0=py38h924ce5b_2
      - sqlite=3.33.0=h4cf870e_1
      - terminado=0.9.1=py38h32f6830_1
      - tk=8.6.10=hed695b0_1
      - tornado=6.1=py38h25fe258_0
      - wrapt=1.11.2=py38h1e0a361_1
      - xz=5.2.5=h516909a_1
      - yaml=0.2.5=h516909a_0
      - zeromq=4.3.3=h58526e2_2
      - zlib=1.2.11=h516909a_1010
      - zstd=1.4.5=h6597ccf_2
      osx-64:
      - appnope=0.1.0=py38h50d1736_1002
      - argon2-cffi=20.1.0=py38h7e3306e_2
      - brotlipy=0.7.0=py38h94c058a_1001
      - ca-certificates=2020.11.8=h033912b_0
      - certifi=2020.11.8=py38h50d1736_0
      - cffi=1.14.3=py38h9edaa1b_1
      - chardet=3.0.4=py38h5347e94_1008
      - coverage=5.3=py38h4d0b108_1
      - cryptography=3.2.1=py38h5c1d3f9_0
      - freetype=2.10.4=h3f75d11_0
      - geckodriver=0.28.0=h2e338ed_0
      - ipykernel=5.3.4=py38h9bb44b7_1
      - ipython=7.19.0=py38h9bb44b7_0
      - jedi=0.17.2=py38h50d1736_1
      - jpeg=9d=hbcb3906_0
      - jupyter_core=4.6.3=py38h50d1736_2
      - krb5=1.17.1=h75d18d8_3
      - lazy-object-proxy=1.4.3=py38h4d0b108_2
      - lcms2=2.11=h11f7e16_1
      - libcxx=11.0.0=h439d374_0
      - libedit=3.1.20191231=h0678c8f_2
      - libffi=3.2.1=hb1e8313_1007
      - libgfortran5=9.3.0=h7cc5361_13
      - libgfortran=5.0.0=h7cc5361_13
      - libopenblas=0.3.12=openmp_h54245bb_1
      - libpng=1.6.37=h7cec526_2
      - libpq=12.3=haa216e0_2
      - libsodium=1.0.18=hbcb3906_1
      - libtiff=4.1.0=hca7d577_6
      - libwebp-base=1.1.0=hbcb3906_3
      - llvm-openmp=11.0.0=h73239a0_1
      - lz4-c=1.9.2=hb1e8313_3
      - markupsafe=1.1.1=py38h94c058a_2
      - mistune=0.8.4=py38h7e3306e_1002
      - nbconvert=6.0.7=py38h50d1736_3
      - ncurses=6.2=h2e338ed_4
      - notebook=6.1.5=py38h50d1736_0
      - numpy=1.19.4=py38hcf469a5_1
      - openssl=1.1.1h=haf1e3a3_0
      - pandas=1.0.5=py38h5fc983b_0
      - pandoc=2.11.1.1=hbcb3906_0
      - pillow=8.0.1=py38h565d989_0
      - psycopg2=2.8.6=py38h52adbb4_1
      - pyrsistent=0.17.3=py38h7e3306e_1
      - pysocks=1.7.1=py38h5347e94_2
      - python=3.8.6=hcfdab8c_0_cpython
      - pyyaml=5.3.1=py38h94c058a_1
      - pyzmq=20.0.0=py38h9b3f83f_1
      - readline=8.0=h0678c8f_2
      - ruamel_yaml=0.15.80=py38h94c058a_1003
      - selenium=3.141.0=py38h4d0b108_1002
      - setuptools=49.6.0=py38h5347e94_2
      - sqlite=3.33.0=h960bd1c_1
      - terminado=0.9.1=py38h50d1736_1
      - tk=8.6.10=hb0a8c7a_1
      - tornado=6.1=py38h7e3306e_0
      - wrapt=1.11.2=py38h4d0b108_1
      - xz=5.2.5=haf1e3a3_1
      - yaml=0.2.5=haf1e3a3_0
      - zeromq=4.3.3=h2e338ed_2
      - zlib=1.2.11=h7795811_1010
      - zstd=1.4.5=h289c70a_2
      win-64:
      - argon2-cffi=20.1.0=py38h294d835_2
      - brotlipy=0.7.0=py38hab1e662_1001
      - ca-certificates=2020.11.8=h5b45459_0
      - certifi=2020.11.8=py38haa244fe_0
      - cffi=1.14.3=py38h0e640b1_1
      - chardet=3.0.4=py38h9bdc248_1008
      - colorama=0.4.4=pyh9f0ad1d_0
      - coverage=5.3=py38h1e8a9f7_1
      - cryptography=3.2.1=py38hd8c33c5_0
      - freetype=2.10.4=h546665d_0
      - geckodriver=0.28.0=h39d44d4_0
      - intel-openmp=2020.3=h57928b3_311
      - ipykernel=5.3.4=py38h7b7c402_1
      - ipython=7.19.0=py38hc5df569_0
      - jedi=0.17.2=py38haa244fe_1
      - jpeg=9d=h8ffe710_0
      - jupyter_core=4.6.3=py38haa244fe_2
      - krb5=1.17.1=hc04afaa_3
      - lazy-object-proxy=1.4.3=py38h1e8a9f7_2
      - libblas=3.8.0=20_mkl
      - libcblas=3.8.0=20_mkl
      - liblapack=3.8.0=20_mkl
      - libpng=1.6.37=h1d00b33_2
      - libpq=12.3=hd9aa61d_2
      - libsodium=1.0.18=h8d14728_1
      - libtiff=4.1.0=hc10be44_6
      - lz4-c=1.9.2=h62dcd97_2
      - m2w64-gcc-libgfortran=5.3.0=6
      - m2w64-gcc-libs-core=5.3.0=7
      - m2w64-gcc-libs=5.3.0=7
      - m2w64-gmp=6.1.0=2
      - m2w64-libwinpthread-git=5.0.0.4634.697f757=2
      - markupsafe=1.1.1=py38hab1e662_2
      - mistune=0.8.4=py38h294d835_1002
      - mkl=2020.2=256
      - msys2-conda-epoch=20160418=1
      - nbconvert=6.0.7=py38haa244fe_3
      - notebook=6.1.5=py38haa244fe_0
      - numpy=1.19.4=py38h0cc643e_1
      - openssl=1.1.1h=he774522_0
      - pandas=1.0.5=py38he6e81aa_0
      - pandoc=2.11.1.1=h8ffe710_0
      - pillow=8.0.1=py38hd8d9125_0
      - psycopg2=2.8.6=py38hba49e27_1
      - pyrsistent=0.17.3=py38h294d835_1
      - pysocks=1.7.1=py38h9bdc248_2
      - python=3.8.6=h60c2a47_0_cpython
      - pywin32=228=py38h1e8a9f7_0
      - pywinpty=0.5.7=py38h32f6830_1
      - pyyaml=5.3.1=py38hab1e662_1
      - pyzmq=20.0.0=py38h7a0e47e_1
      - ruamel_yaml=0.15.80=py38hab1e662_1003
      - selenium=3.141.0=py38h1e8a9f7_1002
      - setuptools=49.6.0=py38h9bdc248_2
      - sqlite=3.33.0=he774522_1
      - terminado=0.9.1=py38haa244fe_1
      - tk=8.6.10=he774522_1
      - tornado=6.1=py38h294d835_0
      - vc=14.1=h869be7e_1
      - vs2015_runtime=14.16.27012=h30e32a0_2
      - win_inet_pton=1.1.0=py38h32f6830_1
      - wincertstore=0.2=py38h32f6830_1005
      - winpty=0.4.3=4
      - wrapt=1.11.2=py38h1e8a9f7_1
      - xz=5.2.5=h62dcd97_1
      - yaml=0.2.5=he774522_0
      - zeromq=4.3.3=h0e60522_2
      - zlib=1.2.11=h62dcd97_1010
      - zstd=1.4.5=h1f3a1b7_2
  database:
    locked: true
    env_spec_hash: a2fa6b1406cdfa38852f75a837dc1c27bf50fd2e
    platforms:
    - linux-64
    - osx-64
    - win-64
    packages:
      linux-64:
      - _libgcc_mutex=0.1=conda_forge
      - _openmp_mutex=4.5=1_gnu
      - ca-certificates=2020.11.8=ha878542_0
      - icu=67.1=he1b5a44_0
      - krb5=1.17.1=hfafb76e_3
      - libedit=3.1.20191231=he28a2e2_2
      - libgcc-ng=9.3.0=h5dbcf3e_17
      - libgomp=9.3.0=h5dbcf3e_17
      - libiconv=1.16=h516909a_0
      - libpq=12.3=h5513abc_2
      - libstdcxx-ng=9.3.0=h2ae2ef3_17
      - libxml2=2.9.10=h68273f3_2
      - ncurses=6.2=h58526e2_4
      - openssl=1.1.1h=h516909a_0
      - postgresql=12.3=h8573dbc_2
      - readline=8.0=he28a2e2_2
      - tk=8.6.10=hed695b0_1
      - tzcode=2020a=h516909a_0
      - xz=5.2.5=h516909a_1
      - zlib=1.2.11=h516909a_1010
      osx-64:
      - ca-certificates=2020.11.8=h033912b_0
      - icu=67.1=hb1e8313_0
      - krb5=1.17.1=h75d18d8_3
      - libcxx=11.0.0=h439d374_0
      - libedit=3.1.20191231=h0678c8f_2
      - libiconv=1.16=haf1e3a3_0
      - libpq=12.3=haa216e0_2
      - libxml2=2.9.10=h2c6e4a5_2
      - ncurses=6.2=h2e338ed_4
      - openssl=1.1.1h=haf1e3a3_0
      - postgresql=12.3=hb1f69c7_2
      - readline=8.0=h0678c8f_2
      - tk=8.6.10=hb0a8c7a_1
      - tzcode=2020a=h0b31af3_0
      - xz=5.2.5=haf1e3a3_1
      - zlib=1.2.11=h7795811_1010
      win-64:
      - ca-certificates=2020.11.8=h5b45459_0
      - krb5=1.17.1=hc04afaa_3
      - libiconv=1.16=he774522_0
      - libpq=12.3=hd9aa61d_2
      - libxml2=2.9.10=h1006b36_2
      - openssl=1.1.1h=he774522_0
      - postgresql=12.3=he14cc48_2
      - tk=8.6.10=he774522_1
      - vc=14.1=h869be7e_1
      - vs2015_runtime=14.16.27012=h30e32a0_2
      - zlib=1.2.11=h62dcd97_1010
  build-pypi:
    locked: true
    env_spec_hash: 490d0ab996fff2f1c39f26a650b77e8e5fe9ac49
    platforms:
    - linux-64
    - osx-64
    - win-64
    packages:
      all:
      - pip=20.2.4=py_0
      - python_abi=3.8=1_cp38
      - wheel=0.35.1=pyh9f0ad1d_0
      linux-64:
      - _libgcc_mutex=0.1=conda_forge
      - _openmp_mutex=4.5=1_gnu
      - ca-certificates=2020.11.8=ha878542_0
      - certifi=2020.11.8=py38h578d9bd_0
      - ld_impl_linux-64=2.35.1=hed1e6ac_0
      - libffi=3.2.1=he1b5a44_1007
      - libgcc-ng=9.3.0=h5dbcf3e_17
      - libgomp=9.3.0=h5dbcf3e_17
      - libstdcxx-ng=9.3.0=h2ae2ef3_17
      - ncurses=6.2=h58526e2_4
      - openssl=1.1.1h=h516909a_0
      - python=3.8.6=h852b56e_0_cpython
      - readline=8.0=he28a2e2_2
      - setuptools=49.6.0=py38h924ce5b_2
      - sqlite=3.33.0=h4cf870e_1
      - tk=8.6.10=hed695b0_1
      - xz=5.2.5=h516909a_1
      - zlib=1.2.11=h516909a_1010
      osx-64:
      - ca-certificates=2020.11.8=h033912b_0
      - certifi=2020.11.8=py38h50d1736_0
      - libcxx=11.0.0=h439d374_0
      - libffi=3.2.1=hb1e8313_1007
      - ncurses=6.2=h2e338ed_4
      - openssl=1.1.1h=haf1e3a3_0
      - python=3.8.6=hcfdab8c_0_cpython
      - readline=8.0=h0678c8f_2
      - setuptools=49.6.0=py38h5347e94_2
      - sqlite=3.33.0=h960bd1c_1
      - tk=8.6.10=hb0a8c7a_1
      - xz=5.2.5=haf1e3a3_1
      - zlib=1.2.11=h7795811_1010
      win-64:
      - ca-certificates=2020.11.8=h5b45459_0
      - certifi=2020.11.8=py38haa244fe_0
      - openssl=1.1.1h=he774522_0
      - python=3.8.6=h60c2a47_0_cpython
      - setuptools=49.6.0=py38h9bdc248_2
      - sqlite=3.33.0=he774522_1
      - vc=14.1=h869be7e_1
      - vs2015_runtime=14.16.27012=h30e32a0_2
      - wincertstore=0.2=py38h32f6830_1005
  conda:
    locked: true
    env_spec_hash: c3ff1b95318253e1a41aff6796847f00b122b2df
    platforms:
    - linux-64
    - osx-64
    - win-64
    packages:
      all:
      - beautifulsoup4=4.9.3=pyhb0f4dca_0
      - click=7.1.2=pyh9f0ad1d_0
      - conda-verify=3.1.1=py38h32f6830_1002
      - filelock=3.0.12=pyh9f0ad1d_0
      - glob2=0.7=py_0
      - idna=2.10=pyh9f0ad1d_0
      - jinja2=2.11.2=pyh9f0ad1d_0
      - pip=20.2.4=py_0
      - pkginfo=1.6.1=pyh9f0ad1d_0
      - pycparser=2.20=pyh9f0ad1d_2
      - pyopenssl=19.1.0=py_1
      - python_abi=3.8=1_cp38
      - pytz=2020.4=pyhd8ed1ab_0
      - requests=2.25.0=pyhd3deb0d_0
      - six=1.15.0=pyh9f0ad1d_0
      - soupsieve=2.0.1=py_1
      - tqdm=4.52.0=pyhd3deb0d_0
      - urllib3=1.25.11=py_0
      - wheel=0.35.1=pyh9f0ad1d_0
      linux-64:
      - _libgcc_mutex=0.1=conda_forge
      - _openmp_mutex=4.5=1_gnu
      - brotlipy=0.7.0=py38h8df0ef7_1001
      - bzip2=1.0.8=h516909a_3
      - ca-certificates=2020.11.8=ha878542_0
      - certifi=2020.11.8=py38h578d9bd_0
      - cffi=1.14.3=py38h1bdcb99_1
      - chardet=3.0.4=py38h924ce5b_1008
      - conda-build=3.20.5=py38h924ce5b_0
      - conda-package-handling=1.7.2=py38h8df0ef7_0
      - conda=4.9.2=py38h578d9bd_0
      - cryptography=3.2.1=py38h7699a38_0
      - future=0.18.2=py38h578d9bd_2
      - icu=67.1=he1b5a44_0
      - ld_impl_linux-64=2.35.1=hed1e6ac_0
      - libarchive=3.4.3=hf837322_0
      - libffi=3.2.1=he1b5a44_1007
      - libgcc-ng=9.3.0=h5dbcf3e_17
      - libgomp=9.3.0=h5dbcf3e_17
      - libiconv=1.16=h516909a_0
      - liblief=0.10.1=he1b5a44_2
      - libstdcxx-ng=9.3.0=h2ae2ef3_17
      - libxml2=2.9.10=h68273f3_2
      - lz4-c=1.9.2=he1b5a44_3
      - lzo=2.10=h516909a_1000
      - markupsafe=1.1.1=py38h8df0ef7_2
      - ncurses=6.2=h58526e2_4
      - openssl=1.1.1h=h516909a_0
      - patchelf=0.11=he1b5a44_0
      - psutil=5.7.3=py38h8df0ef7_0
      - py-lief=0.10.1=py38h348cfbe_2
      - pycosat=0.6.3=py38h8df0ef7_1005
      - pysocks=1.7.1=py38h924ce5b_2
      - python-libarchive-c=2.9=py38h924ce5b_2
      - python=3.8.6=h852b56e_0_cpython
      - pyyaml=5.3.1=py38h8df0ef7_1
      - readline=8.0=he28a2e2_2
      - ripgrep=12.1.1=h516909a_1
      - ruamel_yaml=0.15.80=py38h8df0ef7_1003
      - setuptools=49.6.0=py38h924ce5b_2
      - sqlite=3.33.0=h4cf870e_1
      - tk=8.6.10=hed695b0_1
      - xz=5.2.5=h516909a_1
      - yaml=0.2.5=h516909a_0
      - zlib=1.2.11=h516909a_1010
      - zstd=1.4.5=h6597ccf_2
      osx-64:
      - brotlipy=0.7.0=py38h94c058a_1001
      - bzip2=1.0.8=haf1e3a3_3
      - ca-certificates=2020.11.8=h033912b_0
      - certifi=2020.11.8=py38h50d1736_0
      - cffi=1.14.3=py38h9edaa1b_1
      - chardet=3.0.4=py38h5347e94_1008
      - conda-build=3.20.5=py38h5347e94_0
      - conda-package-handling=1.7.2=py38h94c058a_0
      - conda=4.9.2=py38h50d1736_0
      - cryptography=3.2.1=py38h5c1d3f9_0
      - future=0.18.2=py38h50d1736_2
      - icu=67.1=hb1e8313_0
      - libarchive=3.4.3=hf12134e_0
      - libcxx=11.0.0=h439d374_0
      - libffi=3.2.1=hb1e8313_1007
      - libiconv=1.16=haf1e3a3_0
      - liblief=0.10.1=hb1e8313_2
      - libxml2=2.9.10=h2c6e4a5_2
      - lz4-c=1.9.2=hb1e8313_3
      - lzo=2.10=haf1e3a3_1000
      - markupsafe=1.1.1=py38h94c058a_2
      - ncurses=6.2=h2e338ed_4
      - openssl=1.1.1h=haf1e3a3_0
      - psutil=5.7.3=py38h94c058a_0
      - py-lief=0.10.1=py38heedec30_2
      - pycosat=0.6.3=py38h94c058a_1005
      - pysocks=1.7.1=py38h5347e94_2
      - python-libarchive-c=2.9=py38h5347e94_2
      - python=3.8.6=hcfdab8c_0_cpython
      - pyyaml=5.3.1=py38h94c058a_1
      - readline=8.0=h0678c8f_2
      - ripgrep=12.1.1=haf1e3a3_1
      - ruamel_yaml=0.15.80=py38h94c058a_1003
      - setuptools=49.6.0=py38h5347e94_2
      - sqlite=3.33.0=h960bd1c_1
      - tk=8.6.10=hb0a8c7a_1
      - xz=5.2.5=haf1e3a3_1
      - yaml=0.2.5=haf1e3a3_0
      - zlib=1.2.11=h7795811_1010
      - zstd=1.4.5=h289c70a_2
      win-64:
      - brotlipy=0.7.0=py38hab1e662_1001
      - bzip2=1.0.8=he774522_3
      - ca-certificates=2020.11.8=h5b45459_0
      - certifi=2020.11.8=py38haa244fe_0
      - cffi=1.14.3=py38h0e640b1_1
      - chardet=3.0.4=py38h9bdc248_1008
      - conda-build=3.20.5=py38h9bdc248_0
      - conda-package-handling=1.7.2=py38h8934438_0
      - conda=4.9.2=py38haa244fe_0
      - cryptography=3.2.1=py38hd8c33c5_0
      - future=0.18.2=py38haa244fe_2
      - libarchive=3.4.3=h793d221_0
      - libiconv=1.16=he774522_0
      - liblief=0.10.1=ha925a31_2
      - libxml2=2.9.10=h1006b36_2
      - lz4-c=1.9.2=h62dcd97_2
      - lzo=2.10=he774522_1000
      - m2-msys2-runtime=2.5.0.17080.65c939c=3
      - m2-patch=2.7.5=2
      - m2w64-gcc-libgfortran=5.3.0=6
      - m2w64-gcc-libs-core=5.3.0=7
      - m2w64-gcc-libs=5.3.0=7
      - m2w64-gmp=6.1.0=2
      - m2w64-libwinpthread-git=5.0.0.4634.697f757=2
      - markupsafe=1.1.1=py38hab1e662_2
      - menuinst=1.4.16=py38h32f6830_1
      - msys2-conda-epoch=20160418=1
      - openssl=1.1.1h=he774522_0
      - psutil=5.7.3=py38hab1e662_0
      - py-lief=0.10.1=py38h4b9bc1a_2
      - pycosat=0.6.3=py38hab1e662_1005
      - pysocks=1.7.1=py38h9bdc248_2
      - python-libarchive-c=2.9=py38h9bdc248_2
      - python=3.8.6=h60c2a47_0_cpython
      - pywin32=228=py38h1e8a9f7_0
      - pyyaml=5.3.1=py38hab1e662_1
      - ripgrep=12.1.1=h301d43c_1
      - ruamel_yaml=0.15.80=py38hab1e662_1003
      - setuptools=49.6.0=py38h9bdc248_2
      - sqlite=3.33.0=he774522_1
      - vc=14.1=h869be7e_1
      - vs2015_runtime=14.16.27012=h30e32a0_2
      - win_inet_pton=1.1.0=py38h32f6830_1
      - wincertstore=0.2=py38h32f6830_1005
      - xz=5.2.5=h62dcd97_1
      - yaml=0.2.5=he774522_0
      - zlib=1.2.11=h62dcd97_1010
      - zstd=1.4.5=h1f3a1b7_2
  _notebook:
    locked: true
    env_spec_hash: 9896c4f019c26e16323a23f4bc218eb30f6b7164
    platforms:
    - linux-64
    - osx-64
    - win-64
    packages:
      all:
      - async_generator=1.10=py_0
      - attrs=20.3.0=pyhd3deb0d_0
      - backcall=0.2.0=pyh9f0ad1d_0
      - backports.functools_lru_cache=1.6.1=py_0
      - backports=1.0=py_2
      - bleach=3.2.1=pyh9f0ad1d_0
      - decorator=4.4.2=py_0
      - defusedxml=0.6.0=py_0
      - entrypoints=0.3=pyhd8ed1ab_1003
      - importlib-metadata=2.0.0=py_1
      - importlib_metadata=2.0.0=1
      - ipython_genutils=0.2.0=py_1
      - jinja2=2.11.2=pyh9f0ad1d_0
      - jsonschema=3.2.0=py_2
      - jupyter_client=6.1.7=py_0
      - jupyterlab_pygments=0.1.2=pyh9f0ad1d_0
      - nbclient=0.5.1=py_0
      - nbformat=5.0.8=py_0
      - nest-asyncio=1.4.3=pyhd8ed1ab_0
      - packaging=20.4=pyh9f0ad1d_0
      - pandocfilters=1.4.2=py_1
      - parso=0.7.1=pyh9f0ad1d_0
      - pickleshare=0.7.5=py_1003
      - pip=20.2.4=py_0
      - prometheus_client=0.9.0=pyhd3deb0d_0
      - prompt-toolkit=3.0.8=pyha770c72_0
      - pycparser=2.20=pyh9f0ad1d_2
      - pygments=2.7.2=py_0
      - pyparsing=2.4.7=pyh9f0ad1d_0
      - python-dateutil=2.8.1=py_0
      - python_abi=3.8=1_cp38
      - send2trash=1.5.0=py_0
      - six=1.15.0=pyh9f0ad1d_0
      - testpath=0.4.4=py_0
      - traitlets=5.0.5=py_0
      - wcwidth=0.2.5=pyh9f0ad1d_2
      - webencodings=0.5.1=py_1
      - wheel=0.35.1=pyh9f0ad1d_0
      - zipp=3.4.0=py_0
      unix:
      - pexpect=4.8.0=pyh9f0ad1d_2
      - ptyprocess=0.6.0=py_1001
      linux-64:
      - _libgcc_mutex=0.1=conda_forge
      - _openmp_mutex=4.5=1_gnu
      - argon2-cffi=20.1.0=py38h25fe258_2
      - ca-certificates=2020.11.8=ha878542_0
      - certifi=2020.11.8=py38h578d9bd_0
      - cffi=1.14.3=py38h1bdcb99_1
      - ipykernel=5.3.4=py38h81c977d_1
      - ipython=7.19.0=py38h81c977d_0
      - jedi=0.17.2=py38h578d9bd_1
      - jupyter_core=4.6.3=py38h578d9bd_2
      - ld_impl_linux-64=2.35.1=hed1e6ac_0
      - libffi=3.2.1=he1b5a44_1007
      - libgcc-ng=9.3.0=h5dbcf3e_17
      - libgomp=9.3.0=h5dbcf3e_17
      - libsodium=1.0.18=h36c2ea0_1
      - libstdcxx-ng=9.3.0=h2ae2ef3_17
      - markupsafe=1.1.1=py38h8df0ef7_2
      - mistune=0.8.4=py38h25fe258_1002
      - nbconvert=6.0.7=py38h578d9bd_3
      - ncurses=6.2=h58526e2_4
      - notebook=6.1.5=py38h578d9bd_0
      - openssl=1.1.1h=h516909a_0
      - pandoc=2.11.1.1=h36c2ea0_0
      - pyrsistent=0.17.3=py38h25fe258_1
      - python=3.8.6=h852b56e_0_cpython
      - pyzmq=20.0.0=py38h1d1b12f_1
      - readline=8.0=he28a2e2_2
      - setuptools=49.6.0=py38h924ce5b_2
      - sqlite=3.33.0=h4cf870e_1
      - terminado=0.9.1=py38h32f6830_1
      - tk=8.6.10=hed695b0_1
      - tornado=6.1=py38h25fe258_0
      - xz=5.2.5=h516909a_1
      - zeromq=4.3.3=h58526e2_2
      - zlib=1.2.11=h516909a_1010
      osx-64:
      - appnope=0.1.0=py38h50d1736_1002
      - argon2-cffi=20.1.0=py38h7e3306e_2
      - ca-certificates=2020.11.8=h033912b_0
      - certifi=2020.11.8=py38h50d1736_0
      - cffi=1.14.3=py38h9edaa1b_1
      - ipykernel=5.3.4=py38h9bb44b7_1
      - ipython=7.19.0=py38h9bb44b7_0
      - jedi=0.17.2=py38h50d1736_1
      - jupyter_core=4.6.3=py38h50d1736_2
      - libcxx=11.0.0=h439d374_0
      - libffi=3.2.1=hb1e8313_1007
      - libsodium=1.0.18=hbcb3906_1
      - markupsafe=1.1.1=py38h94c058a_2
      - mistune=0.8.4=py38h7e3306e_1002
      - nbconvert=6.0.7=py38h50d1736_3
      - ncurses=6.2=h2e338ed_4
      - notebook=6.1.5=py38h50d1736_0
      - openssl=1.1.1h=haf1e3a3_0
      - pandoc=2.11.1.1=hbcb3906_0
      - pyrsistent=0.17.3=py38h7e3306e_1
      - python=3.8.6=hcfdab8c_0_cpython
      - pyzmq=20.0.0=py38h9b3f83f_1
      - readline=8.0=h0678c8f_2
      - setuptools=49.6.0=py38h5347e94_2
      - sqlite=3.33.0=h960bd1c_1
      - terminado=0.9.1=py38h50d1736_1
      - tk=8.6.10=hb0a8c7a_1
      - tornado=6.1=py38h7e3306e_0
      - xz=5.2.5=haf1e3a3_1
      - zeromq=4.3.3=h2e338ed_2
      - zlib=1.2.11=h7795811_1010
      win-64:
      - argon2-cffi=20.1.0=py38h294d835_2
      - ca-certificates=2020.11.8=h5b45459_0
      - certifi=2020.11.8=py38haa244fe_0
      - cffi=1.14.3=py38h0e640b1_1
      - colorama=0.4.4=pyh9f0ad1d_0
      - ipykernel=5.3.4=py38h7b7c402_1
      - ipython=7.19.0=py38hc5df569_0
      - jedi=0.17.2=py38haa244fe_1
      - jupyter_core=4.6.3=py38haa244fe_2
      - libsodium=1.0.18=h8d14728_1
      - m2w64-gcc-libgfortran=5.3.0=6
      - m2w64-gcc-libs-core=5.3.0=7
      - m2w64-gcc-libs=5.3.0=7
      - m2w64-gmp=6.1.0=2
      - m2w64-libwinpthread-git=5.0.0.4634.697f757=2
      - markupsafe=1.1.1=py38hab1e662_2
      - mistune=0.8.4=py38h294d835_1002
      - msys2-conda-epoch=20160418=1
      - nbconvert=6.0.7=py38haa244fe_3
      - notebook=6.1.5=py38haa244fe_0
      - openssl=1.1.1h=he774522_0
      - pandoc=2.11.1.1=h8ffe710_0
      - pyrsistent=0.17.3=py38h294d835_1
      - python=3.8.6=h60c2a47_0_cpython
      - pywin32=228=py38h1e8a9f7_0
      - pywinpty=0.5.7=py38h32f6830_1
      - pyzmq=20.0.0=py38h7a0e47e_1
      - setuptools=49.6.0=py38h9bdc248_2
      - sqlite=3.33.0=he774522_1
      - terminado=0.9.1=py38haa244fe_1
      - tornado=6.1=py38h294d835_0
      - vc=14.1=h869be7e_1
      - vs2015_runtime=14.16.27012=h30e32a0_2
      - wincertstore=0.2=py38h32f6830_1005
      - winpty=0.4.3=4
      - zeromq=4.3.3=h0e60522_2
